
Microsoft Visual Studio Solution File, Format Version 12.00
# Visual Studio 15
VisualStudioVersion = 15.0.26510.0
MinimumVisualStudioVersion = 10.0.40219.1
Project("{2150E333-8FDC-42A3-9474-1A3956D46DE8}") = "Tests", "Tests", "{639967B0-0544-4C52-94AC-9A3D25E33256}"
EndProject
Project("{2150E333-8FDC-42A3-9474-1A3956D46DE8}") = "Sample", "Sample", "{72A798F0-699B-4C8E-8D43-C1749661471E}"
EndProject
Project("{9A19103F-16F7-4668-BE54-9A1E7A4F7556}") = "WebJobs", "src\Microsoft.Azure.WebJobs\WebJobs.csproj", "{9D176316-CA11-40F3-A960-1ADC9AD0C460}"
EndProject
Project("{9A19103F-16F7-4668-BE54-9A1E7A4F7556}") = "WebJobs.Host", "src\Microsoft.Azure.WebJobs.Host\WebJobs.Host.csproj", "{39554ABE-D7B7-45FF-8D7C-56432ABCDE3D}"
EndProject
Project("{9A19103F-16F7-4668-BE54-9A1E7A4F7556}") = "WebJobs.Storage", "src\Microsoft.Azure.WebJobs.Storage\WebJobs.Storage.csproj", "{04CCE622-742C-4D8C-BCED-5B662D9C6454}"
EndProject
Project("{9A19103F-16F7-4668-BE54-9A1E7A4F7556}") = "WebJobs.Protocols", "src\Microsoft.Azure.WebJobs.Protocols\WebJobs.Protocols.csproj", "{0C6F1900-EC03-4BFA-AFB6-9CA37401051A}"
EndProject
Project("{9A19103F-16F7-4668-BE54-9A1E7A4F7556}") = "WebJobs.Logging", "src\Microsoft.Azure.WebJobs.Logging\WebJobs.Logging.csproj", "{4F668623-B7D3-4834-99E2-2C0C8E0FFB9D}"
EndProject
Project("{9A19103F-16F7-4668-BE54-9A1E7A4F7556}") = "WebJobs.Logging.ApplicationInsights", "src\Microsoft.Azure.WebJobs.Logging.ApplicationInsights\WebJobs.Logging.ApplicationInsights.csproj", "{32F7D43D-1DD6-46F3-90FE-99B914DE8DAA}"
EndProject
Project("{9A19103F-16F7-4668-BE54-9A1E7A4F7556}") = "SampleHost", "sample\SampleHost\SampleHost.csproj", "{9239BE0F-4654-4888-9572-0FB3FEB0B6F2}"
EndProject
Project("{9A19103F-16F7-4668-BE54-9A1E7A4F7556}") = "WebJobs.Host.UnitTests", "test\Microsoft.Azure.WebJobs.Host.UnitTests\WebJobs.Host.UnitTests.csproj", "{903FB509-B62D-4AD4-98BD-2E8D54084EBB}"
EndProject
Project("{9A19103F-16F7-4668-BE54-9A1E7A4F7556}") = "WebJobs.Host.TestCommon", "test\Microsoft.Azure.WebJobs.Host.TestCommon\WebJobs.Host.TestCommon.csproj", "{7864489D-2B42-413C-A4DF-EA4FCB3517D8}"
EndProject
Project("{9A19103F-16F7-4668-BE54-9A1E7A4F7556}") = "WebJobs.Host.FunctionalTests", "test\Microsoft.Azure.WebJobs.Host.FunctionalTests\WebJobs.Host.FunctionalTests.csproj", "{09085DE0-81C2-4FD4-9925-5828006C635D}"
EndProject
Project("{9A19103F-16F7-4668-BE54-9A1E7A4F7556}") = "WebJobs.Logging.FunctionalTests", "test\Microsoft.Azure.WebJobs.Logging.FunctionalTests\WebJobs.Logging.FunctionalTests.csproj", "{3D9D4EBC-D381-4E18-A0F7-7A2B8E01939E}"
EndProject
Project("{9A19103F-16F7-4668-BE54-9A1E7A4F7556}") = "WebJobs.Host.EndToEndTests", "test\Microsoft.Azure.WebJobs.Host.EndToEndTests\WebJobs.Host.EndToEndTests.csproj", "{A24DD467-00A6-41F9-9672-D4DD6766F70A}"
EndProject
Global
	GlobalSection(SolutionConfigurationPlatforms) = preSolution
		Debug|Any CPU = Debug|Any CPU
		Release|Any CPU = Release|Any CPU
	EndGlobalSection
	GlobalSection(ProjectConfigurationPlatforms) = postSolution
		{9D176316-CA11-40F3-A960-1ADC9AD0C460}.Debug|Any CPU.ActiveCfg = Debug|Any CPU
		{9D176316-CA11-40F3-A960-1ADC9AD0C460}.Debug|Any CPU.Build.0 = Debug|Any CPU
		{9D176316-CA11-40F3-A960-1ADC9AD0C460}.Release|Any CPU.ActiveCfg = Release|Any CPU
		{9D176316-CA11-40F3-A960-1ADC9AD0C460}.Release|Any CPU.Build.0 = Release|Any CPU
		{39554ABE-D7B7-45FF-8D7C-56432ABCDE3D}.Debug|Any CPU.ActiveCfg = Debug|Any CPU
		{39554ABE-D7B7-45FF-8D7C-56432ABCDE3D}.Debug|Any CPU.Build.0 = Debug|Any CPU
		{39554ABE-D7B7-45FF-8D7C-56432ABCDE3D}.Release|Any CPU.ActiveCfg = Release|Any CPU
		{39554ABE-D7B7-45FF-8D7C-56432ABCDE3D}.Release|Any CPU.Build.0 = Release|Any CPU
		{04CCE622-742C-4D8C-BCED-5B662D9C6454}.Debug|Any CPU.ActiveCfg = Debug|Any CPU
		{04CCE622-742C-4D8C-BCED-5B662D9C6454}.Debug|Any CPU.Build.0 = Debug|Any CPU
		{04CCE622-742C-4D8C-BCED-5B662D9C6454}.Release|Any CPU.ActiveCfg = Release|Any CPU
		{04CCE622-742C-4D8C-BCED-5B662D9C6454}.Release|Any CPU.Build.0 = Release|Any CPU
		{0C6F1900-EC03-4BFA-AFB6-9CA37401051A}.Debug|Any CPU.ActiveCfg = Debug|Any CPU
		{0C6F1900-EC03-4BFA-AFB6-9CA37401051A}.Debug|Any CPU.Build.0 = Debug|Any CPU
		{0C6F1900-EC03-4BFA-AFB6-9CA37401051A}.Release|Any CPU.ActiveCfg = Release|Any CPU
		{0C6F1900-EC03-4BFA-AFB6-9CA37401051A}.Release|Any CPU.Build.0 = Release|Any CPU
		{4F668623-B7D3-4834-99E2-2C0C8E0FFB9D}.Debug|Any CPU.ActiveCfg = Debug|Any CPU
		{4F668623-B7D3-4834-99E2-2C0C8E0FFB9D}.Debug|Any CPU.Build.0 = Debug|Any CPU
		{4F668623-B7D3-4834-99E2-2C0C8E0FFB9D}.Release|Any CPU.ActiveCfg = Release|Any CPU
		{4F668623-B7D3-4834-99E2-2C0C8E0FFB9D}.Release|Any CPU.Build.0 = Release|Any CPU
		{32F7D43D-1DD6-46F3-90FE-99B914DE8DAA}.Debug|Any CPU.ActiveCfg = Debug|Any CPU
		{32F7D43D-1DD6-46F3-90FE-99B914DE8DAA}.Debug|Any CPU.Build.0 = Debug|Any CPU
		{32F7D43D-1DD6-46F3-90FE-99B914DE8DAA}.Release|Any CPU.ActiveCfg = Release|Any CPU
		{32F7D43D-1DD6-46F3-90FE-99B914DE8DAA}.Release|Any CPU.Build.0 = Release|Any CPU
		{9239BE0F-4654-4888-9572-0FB3FEB0B6F2}.Debug|Any CPU.ActiveCfg = Debug|Any CPU
		{9239BE0F-4654-4888-9572-0FB3FEB0B6F2}.Debug|Any CPU.Build.0 = Debug|Any CPU
		{9239BE0F-4654-4888-9572-0FB3FEB0B6F2}.Release|Any CPU.ActiveCfg = Release|Any CPU
		{9239BE0F-4654-4888-9572-0FB3FEB0B6F2}.Release|Any CPU.Build.0 = Release|Any CPU
		{903FB509-B62D-4AD4-98BD-2E8D54084EBB}.Debug|Any CPU.ActiveCfg = Debug|Any CPU
		{903FB509-B62D-4AD4-98BD-2E8D54084EBB}.Debug|Any CPU.Build.0 = Debug|Any CPU
		{903FB509-B62D-4AD4-98BD-2E8D54084EBB}.Release|Any CPU.ActiveCfg = Release|Any CPU
		{903FB509-B62D-4AD4-98BD-2E8D54084EBB}.Release|Any CPU.Build.0 = Release|Any CPU
		{7864489D-2B42-413C-A4DF-EA4FCB3517D8}.Debug|Any CPU.ActiveCfg = Debug|Any CPU
		{7864489D-2B42-413C-A4DF-EA4FCB3517D8}.Debug|Any CPU.Build.0 = Debug|Any CPU
		{7864489D-2B42-413C-A4DF-EA4FCB3517D8}.Release|Any CPU.ActiveCfg = Release|Any CPU
		{7864489D-2B42-413C-A4DF-EA4FCB3517D8}.Release|Any CPU.Build.0 = Release|Any CPU
		{09085DE0-81C2-4FD4-9925-5828006C635D}.Debug|Any CPU.ActiveCfg = Debug|Any CPU
		{09085DE0-81C2-4FD4-9925-5828006C635D}.Debug|Any CPU.Build.0 = Debug|Any CPU
		{09085DE0-81C2-4FD4-9925-5828006C635D}.Release|Any CPU.ActiveCfg = Release|Any CPU
		{09085DE0-81C2-4FD4-9925-5828006C635D}.Release|Any CPU.Build.0 = Release|Any CPU
		{3D9D4EBC-D381-4E18-A0F7-7A2B8E01939E}.Debug|Any CPU.ActiveCfg = Debug|Any CPU
		{3D9D4EBC-D381-4E18-A0F7-7A2B8E01939E}.Debug|Any CPU.Build.0 = Debug|Any CPU
		{3D9D4EBC-D381-4E18-A0F7-7A2B8E01939E}.Release|Any CPU.ActiveCfg = Release|Any CPU
		{3D9D4EBC-D381-4E18-A0F7-7A2B8E01939E}.Release|Any CPU.Build.0 = Release|Any CPU
		{A24DD467-00A6-41F9-9672-D4DD6766F70A}.Debug|Any CPU.ActiveCfg = Debug|Any CPU
		{A24DD467-00A6-41F9-9672-D4DD6766F70A}.Debug|Any CPU.Build.0 = Debug|Any CPU
		{A24DD467-00A6-41F9-9672-D4DD6766F70A}.Release|Any CPU.ActiveCfg = Release|Any CPU
		{A24DD467-00A6-41F9-9672-D4DD6766F70A}.Release|Any CPU.Build.0 = Release|Any CPU
	EndGlobalSection
	GlobalSection(SolutionProperties) = preSolution
		HideSolutionNode = FALSE
	EndGlobalSection
	GlobalSection(NestedProjects) = preSolution
		{9239BE0F-4654-4888-9572-0FB3FEB0B6F2} = {72A798F0-699B-4C8E-8D43-C1749661471E}
		{903FB509-B62D-4AD4-98BD-2E8D54084EBB} = {639967B0-0544-4C52-94AC-9A3D25E33256}
		{7864489D-2B42-413C-A4DF-EA4FCB3517D8} = {639967B0-0544-4C52-94AC-9A3D25E33256}
		{09085DE0-81C2-4FD4-9925-5828006C635D} = {639967B0-0544-4C52-94AC-9A3D25E33256}
		{3D9D4EBC-D381-4E18-A0F7-7A2B8E01939E} = {639967B0-0544-4C52-94AC-9A3D25E33256}
		{A24DD467-00A6-41F9-9672-D4DD6766F70A} = {639967B0-0544-4C52-94AC-9A3D25E33256}
	EndGlobalSection
EndGlobal
